// !$*UTF8*$!
{
	archiveVersion = 1;
	classes = {
	};
	objectVersion = 48;
	objects = {

/* Begin PBXBuildFile section */
		BA40B0BF205C17F60071CD1D /* EmojiArtViewController.swift in Sources */ = {isa = PBXBuildFile; fileRef = BA40B0BE205C17F60071CD1D /* EmojiArtViewController.swift */; };
		BA40B0C1205C186C0071CD1D /* EmojiArtView.swift in Sources */ = {isa = PBXBuildFile; fileRef = BA40B0C0205C186C0071CD1D /* EmojiArtView.swift */; };
		BA40B0C3205C38DF0071CD1D /* Utilities.swift in Sources */ = {isa = PBXBuildFile; fileRef = BA40B0C2205C38DF0071CD1D /* Utilities.swift */; };
		BAA704F6205990B20070210F /* AppDelegate.swift in Sources */ = {isa = PBXBuildFile; fileRef = BAA704F5205990B20070210F /* AppDelegate.swift */; };
		BAA704FB205990B20070210F /* Main.storyboard in Resources */ = {isa = PBXBuildFile; fileRef = BAA704F9205990B20070210F /* Main.storyboard */; };
		BAA704FD205990B20070210F /* Assets.xcassets in Resources */ = {isa = PBXBuildFile; fileRef = BAA704FC205990B20070210F /* Assets.xcassets */; };
		BAA70500205990B20070210F /* LaunchScreen.storyboard in Resources */ = {isa = PBXBuildFile; fileRef = BAA704FE205990B20070210F /* LaunchScreen.storyboard */; };
/* End PBXBuildFile section */

/* Begin PBXFileReference section */
		BA40B0BE205C17F60071CD1D /* EmojiArtViewController.swift */ = {isa = PBXFileReference; lastKnownFileType = sourcecode.swift; path = EmojiArtViewController.swift; sourceTree = "<group>"; };
		BA40B0C0205C186C0071CD1D /* EmojiArtView.swift */ = {isa = PBXFileReference; lastKnownFileType = sourcecode.swift; path = EmojiArtView.swift; sourceTree = "<group>"; };
		BA40B0C2205C38DF0071CD1D /* Utilities.swift */ = {isa = PBXFileReference; fileEncoding = 4; lastKnownFileType = sourcecode.swift; path = Utilities.swift; sourceTree = "<group>"; };
		BAA704F2205990B20070210F /* 16-EmojiArt.app */ = {isa = PBXFileReference; explicitFileType = wrapper.application; includeInIndex = 0; path = "16-EmojiArt.app"; sourceTree = BUILT_PRODUCTS_DIR; };
		BAA704F5205990B20070210F /* AppDelegate.swift */ = {isa = PBXFileReference; lastKnownFileType = sourcecode.swift; path = AppDelegate.swift; sourceTree = "<group>"; };
		BAA704FA205990B20070210F /* Base */ = {isa = PBXFileReference; lastKnownFileType = file.storyboard; name = Base; path = Base.lproj/Main.storyboard; sourceTree = "<group>"; };
		BAA704FC205990B20070210F /* Assets.xcassets */ = {isa = PBXFileReference; lastKnownFileType = folder.assetcatalog; path = Assets.xcassets; sourceTree = "<group>"; };
		BAA704FF205990B20070210F /* Base */ = {isa = PBXFileReference; lastKnownFileType = file.storyboard; name = Base; path = Base.lproj/LaunchScreen.storyboard; sourceTree = "<group>"; };
		BAA70501205990B20070210F /* Info.plist */ = {isa = PBXFileReference; lastKnownFileType = text.plist.xml; path = Info.plist; sourceTree = "<group>"; };
/* End PBXFileReference section */

/* Begin PBXFrameworksBuildPhase section */
		BAA704EF205990B20070210F /* Frameworks */ = {
			isa = PBXFrameworksBuildPhase;
			buildActionMask = 2147483647;
			files = (
			);
			runOnlyForDeploymentPostprocessing = 0;
		};
/* End PBXFrameworksBuildPhase section */

/* Begin PBXGroup section */
		BAA704E9205990B20070210F = {
			isa = PBXGroup;
			children = (
				BAA704F4205990B20070210F /* 16-EmojiArt */,
				BAA704F3205990B20070210F /* Products */,
			);
			sourceTree = "<group>";
		};
		BAA704F3205990B20070210F /* Products */ = {
			isa = PBXGroup;
			children = (
				BAA704F2205990B20070210F /* 16-EmojiArt.app */,
			);
			name = Products;
			sourceTree = "<group>";
		};
		BAA704F4205990B20070210F /* 16-EmojiArt */ = {
			isa = PBXGroup;
			children = (
				BAA70507205990D70070210F /* Supporting Files */,
				BA40B0C0205C186C0071CD1D /* EmojiArtView.swift */,
				BA40B0BE205C17F60071CD1D /* EmojiArtViewController.swift */,
				BA40B0C2205C38DF0071CD1D /* Utilities.swift */,
				BAA704F9205990B20070210F /* Main.storyboard */,
				BAA70501205990B20070210F /* Info.plist */,
			);
			path = "16-EmojiArt";
			sourceTree = "<group>";
		};
		BAA70507205990D70070210F /* Supporting Files */ = {
			isa = PBXGroup;
			children = (
				BAA704F5205990B20070210F /* AppDelegate.swift */,
				BAA704FC205990B20070210F /* Assets.xcassets */,
				BAA704FE205990B20070210F /* LaunchScreen.storyboard */,
			);
			path = "Supporting Files";
			sourceTree = "<group>";
		};
/* End PBXGroup section */

/* Begin PBXNativeTarget section */
		BAA704F1205990B20070210F /* 16-EmojiArt */ = {
			isa = PBXNativeTarget;
			buildConfigurationList = BAA70504205990B20070210F /* Build configuration list for PBXNativeTarget "16-EmojiArt" */;
			buildPhases = (
				BAA704EE205990B20070210F /* Sources */,
				BAA704EF205990B20070210F /* Frameworks */,
				BAA704F0205990B20070210F /* Resources */,
			);
			buildRules = (
			);
			dependencies = (
			);
			name = "16-EmojiArt";
			productName = "16-EmojiArt";
			productReference = BAA704F2205990B20070210F /* 16-EmojiArt.app */;
			productType = "com.apple.product-type.application";
		};
/* End PBXNativeTarget section */

/* Begin PBXProject section */
		BAA704EA205990B20070210F /* Project object */ = {
			isa = PBXProject;
			attributes = {
				LastSwiftUpdateCheck = 0920;
				LastUpgradeCheck = 0920;
				ORGANIZATIONNAME = "Henry Huang";
				TargetAttributes = {
					BAA704F1205990B20070210F = {
						CreatedOnToolsVersion = 9.2;
						ProvisioningStyle = Automatic;
					};
				};
			};
			buildConfigurationList = BAA704ED205990B20070210F /* Build configuration list for PBXProject "16-EmojiArt" */;
			compatibilityVersion = "Xcode 8.0";
			developmentRegion = en;
			hasScannedForEncodings = 0;
			knownRegions = (
				en,
				Base,
			);
			mainGroup = BAA704E9205990B20070210F;
			productRefGroup = BAA704F3205990B20070210F /* Products */;
			projectDirPath = "";
			projectRoot = "";
			targets = (
				BAA704F1205990B20070210F /* 16-EmojiArt */,
			);
		};
/* End PBXProject section */

/* Begin PBXResourcesBuildPhase section */
		BAA704F0205990B20070210F /* Resources */ = {
			isa = PBXResourcesBuildPhase;
			buildActionMask = 2147483647;
			files = (
				BAA70500205990B20070210F /* LaunchScreen.storyboard in Resources */,
				BAA704FD205990B20070210F /* Assets.xcassets in Resources */,
				BAA704FB205990B20070210F /* Main.storyboard in Resources */,
			);
			runOnlyForDeploymentPostprocessing = 0;
		};
/* End PBXResourcesBuildPhase section */

/* Begin PBXSourcesBuildPhase section */
		BAA704EE205990B20070210F /* Sources */ = {
			isa = PBXSourcesBuildPhase;
			buildActionMask = 2147483647;
			files = (
				BA40B0BF205C17F60071CD1D /* EmojiArtViewController.swift in Sources */,
				BAA704F6205990B20070210F /* AppDelegate.swift in Sources */,
				BA40B0C3205C38DF0071CD1D /* Utilities.swift in Sources */,
				BA40B0C1205C186C0071CD1D /* EmojiArtView.swift in Sources */,
			);
			runOnlyForDeploymentPostprocessing = 0;
		};
/* End PBXSourcesBuildPhase section */

/* Begin PBXVariantGroup section */
		BAA704F9205990B20070210F /* Main.storyboard */ = {
			isa = PBXVariantGroup;
			children = (
				BAA704FA205990B20070210F /* Base */,
			);
			name = Main.storyboard;
			sourceTree = "<group>";
		};
		BAA704FE205990B20070210F /* LaunchScreen.storyboard */ = {
			isa = PBXVariantGroup;
			children = (
				BAA704FF205990B20070210F /* Base */,
			);
			name = LaunchScreen.storyboard;
			sourceTree = "<group>";
		};
/* End PBXVariantGroup section */

/* Begin XCBuildConfiguration section */
		BAA70502205990B20070210F /* Debug */ = {
			isa = XCBuildConfiguration;
			buildSettings = {
				ALWAYS_SEARCH_USER_PATHS = NO;
				CLANG_ANALYZER_NONNULL = YES;
				CLANG_ANALYZER_NUMBER_OBJECT_CONVERSION = YES_AGGRESSIVE;
				CLANG_CXX_LANGUAGE_STANDARD = "gnu++14";
				CLANG_CXX_LIBRARY = "libc++";
				CLANG_ENABLE_MODULES = YES;
				CLANG_ENABLE_OBJC_ARC = YES;
				CLANG_WARN_BLOCK_CAPTURE_AUTORELEASING = YES;
				CLANG_WARN_BOOL_CONVERSION = YES;
				CLANG_WARN_COMMA = YES;
				CLANG_WARN_CONSTANT_CONVERSION = YES;
				CLANG_WARN_DIRECT_OBJC_ISA_USAGE = YES_ERROR;
				CLANG_WARN_DOCUMENTATION_COMMENTS = YES;
				CLANG_WARN_EMPTY_BODY = YES;
				CLANG_WARN_ENUM_CONVERSION = YES;
				CLANG_WARN_INFINITE_RECURSION = YES;
				CLANG_WARN_INT_CONVERSION = YES;
				CLANG_WARN_NON_LITERAL_NULL_CONVERSION = YES;
				CLANG_WARN_OBJC_LITERAL_CONVERSION = YES;
				CLANG_WARN_OBJC_ROOT_CLASS = YES_ERROR;
				CLANG_WARN_RANGE_LOOP_ANALYSIS = YES;
				CLANG_WARN_STRICT_PROTOTYPES = YES;
				CLANG_WARN_SUSPICIOUS_MOVE = YES;
				CLANG_WARN_UNGUARDED_AVAILABILITY = YES_AGGRESSIVE;
				CLANG_WARN_UNREACHABLE_CODE = YES;
				CLANG_WARN__DUPLICATE_METHOD_MATCH = YES;
				CODE_SIGN_IDENTITY = "iPhone Developer";
				COPY_PHASE_STRIP = NO;
				DEBUG_INFORMATION_FORMAT = dwarf;
				ENABLE_STRICT_OBJC_MSGSEND = YES;
				ENABLE_TESTABILITY = YES;
				GCC_C_LANGUAGE_STANDARD = gnu11;
				GCC_DYNAMIC_NO_PIC = NO;
				GCC_NO_COMMON_BLOCKS = YES;
				GCC_OPTIMIZATION_LEVEL = 0;
				GCC_PREPROCESSOR_DEFINITIONS = (
					"DEBUG=1",
					"$(inherited)",
				);
				GCC_WARN_64_TO_32_BIT_CONVERSION = YES;
				GCC_WARN_ABOUT_RETURN_TYPE = YES_ERROR;
				GCC_WARN_UNDECLARED_SELECTOR = YES;
				GCC_WARN_UNINITIALIZED_AUTOS = YES_AGGRESSIVE;
				GCC_WARN_UNUSED_FUNCTION = YES;
				GCC_WARN_UNUSED_VARIABLE = YES;
				IPHONEOS_DEPLOYMENT_TARGET = 11.2;
				MTL_ENABLE_DEBUG_INFO = YES;
				ONLY_ACTIVE_ARCH = YES;
				SDKROOT = iphoneos;
				SWIFT_ACTIVE_COMPILATION_CONDITIONS = DEBUG;
				SWIFT_OPTIMIZATION_LEVEL = "-Onone";
			};
			name = Debug;
		};
		BAA70503205990B20070210F /* Release */ = {
			isa = XCBuildConfiguration;
			buildSettings = {
				ALWAYS_SEARCH_USER_PATHS = NO;
				CLANG_ANALYZER_NONNULL = YES;
				CLANG_ANALYZER_NUMBER_OBJECT_CONVERSION = YES_AGGRESSIVE;
				CLANG_CXX_LANGUAGE_STANDARD = "gnu++14";
				CLANG_CXX_LIBRARY = "libc++";
				CLANG_ENABLE_MODULES = YES;
				CLANG_ENABLE_OBJC_ARC = YES;
				CLANG_WARN_BLOCK_CAPTURE_AUTORELEASING = YES;
				CLANG_WARN_BOOL_CONVERSION = YES;
				CLANG_WARN_COMMA = YES;
				CLANG_WARN_CONSTANT_CONVERSION = YES;
				CLANG_WARN_DIRECT_OBJC_ISA_USAGE = YES_ERROR;
				CLANG_WARN_DOCUMENTATION_COMMENTS = YES;
				CLANG_WARN_EMPTY_BODY = YES;
				CLANG_WARN_ENUM_CONVERSION = YES;
				CLANG_WARN_INFINITE_RECURSION = YES;
				CLANG_WARN_INT_CONVERSION = YES;
				CLANG_WARN_NON_LITERAL_NULL_CONVERSION = YES;
				CLANG_WARN_OBJC_LITERAL_CONVERSION = YES;
				CLANG_WARN_OBJC_ROOT_CLASS = YES_ERROR;
				CLANG_WARN_RANGE_LOOP_ANALYSIS = YES;
				CLANG_WARN_STRICT_PROTOTYPES = YES;
				CLANG_WARN_SUSPICIOUS_MOVE = YES;
				CLANG_WARN_UNGUARDED_AVAILABILITY = YES_AGGRESSIVE;
				CLANG_WARN_UNREACHABLE_CODE = YES;
				CLANG_WARN__DUPLICATE_METHOD_MATCH = YES;
				CODE_SIGN_IDENTITY = "iPhone Developer";
				COPY_PHASE_STRIP = NO;
				DEBUG_INFORMATION_FORMAT = "dwarf-with-dsym";
				ENABLE_NS_ASSERTIONS = NO;
				ENABLE_STRICT_OBJC_MSGSEND = YES;
				GCC_C_LANGUAGE_STANDARD = gnu11;
				GCC_NO_COMMON_BLOCKS = YES;
				GCC_WARN_64_TO_32_BIT_CONVERSION = YES;
				GCC_WARN_ABOUT_RETURN_TYPE = YES_ERROR;
				GCC_WARN_UNDECLARED_SELECTOR = YES;
				GCC_WARN_UNINITIALIZED_AUTOS = YES_AGGRESSIVE;
				GCC_WARN_UNUSED_FUNCTION = YES;
				GCC_WARN_UNUSED_VARIABLE = YES;
				IPHONEOS_DEPLOYMENT_TARGET = 11.2;
				MTL_ENABLE_DEBUG_INFO = NO;
				SDKROOT = iphoneos;
				SWIFT_OPTIMIZATION_LEVEL = "-Owholemodule";
				VALIDATE_PRODUCT = YES;
			};
			name = Release;
		};
		BAA70505205990B20070210F /* Debug */ = {
			isa = XCBuildConfiguration;
			buildSettings = {
				ASSETCATALOG_COMPILER_APPICON_NAME = AppIcon;
				CODE_SIGN_STYLE = Automatic;
				DEVELOPMENT_TEAM = AZDTL9RMV6;
				INFOPLIST_FILE = "16-EmojiArt/Info.plist";
				LD_RUNPATH_SEARCH_PATHS = "$(inherited) @executable_path/Frameworks";
				PRODUCT_BUNDLE_IDENTIFIER = "com.henrystime.-6-EmojiArt";
				PRODUCT_NAME = "$(TARGET_NAME)";
				SWIFT_VERSION = 4.0;
				TARGETED_DEVICE_FAMILY = "1,2";
			};
			name = Debug;
		};
		BAA70506205990B20070210F /* Release */ = {
			isa = XCBuildConfiguration;
			buildSettings = {
				ASSETCATALOG_COMPILER_APPICON_NAME = AppIcon;
				CODE_SIGN_STYLE = Automatic;
				DEVELOPMENT_TEAM = AZDTL9RMV6;
				INFOPLIST_FILE = "16-EmojiArt/Info.plist";
				LD_RUNPATH_SEARCH_PATHS = "$(inherited) @executable_path/Frameworks";
				PRODUCT_BUNDLE_IDENTIFIER = "com.henrystime.-6-EmojiArt";
				PRODUCT_NAME = "$(TARGET_NAME)";
				SWIFT_VERSION = 4.0;
				TARGETED_DEVICE_FAMILY = "1,2";
			};
			name = Release;
		};
/* End XCBuildConfiguration section */

/* Begin XCConfigurationList section */
		BAA704ED205990B20070210F /* Build configuration list for PBXProject "16-EmojiArt" */ = {
			isa = XCConfigurationList;
			buildConfigurations = (
				BAA70502205990B20070210F /* Debug */,
				BAA70503205990B20070210F /* Release */,
			);
			defaultConfigurationIsVisible = 0;
			defaultConfigurationName = Release;
		};
		BAA70504205990B20070210F /* Build configuration list for PBXNativeTarget "16-EmojiArt" */ = {
			isa = XCConfigurationList;
			buildConfigurations = (
				BAA70505205990B20070210F /* Debug */,
				BAA70506205990B20070210F /* Release */,
			);
			defaultConfigurationIsVisible = 0;
			defaultConfigurationName = Release;
		};
/* End XCConfigurationList section */
	};
	rootObject = BAA704EA205990B20070210F /* Project object */;
}
